// !$*UTF8*$!
{
	archiveVersion = 1;
	classes = {
	};
	objectVersion = 55;
	objects = {

/* Begin PBXBuildFile section */
		C1F48C5428537E1E00CA8600 /* MomentApp.swift in Sources */ = {isa = PBXBuildFile; fileRef = C1F48C5328537E1E00CA8600 /* MomentApp.swift */; };
		C1F48C5628537E1E00CA8600 /* ContentView.swift in Sources */ = {isa = PBXBuildFile; fileRef = C1F48C5528537E1E00CA8600 /* ContentView.swift */; };
		C1F48C5828537E1E00CA8600 /* Assets.xcassets in Resources */ = {isa = PBXBuildFile; fileRef = C1F48C5728537E1E00CA8600 /* Assets.xcassets */; };
		C1F48C5B28537E1E00CA8600 /* Preview Assets.xcassets in Resources */ = {isa = PBXBuildFile; fileRef = C1F48C5A28537E1E00CA8600 /* Preview Assets.xcassets */; };
		C1F48C5D28537E1E00CA8600 /* Persistence.swift in Sources */ = {isa = PBXBuildFile; fileRef = C1F48C5C28537E1E00CA8600 /* Persistence.swift */; };
		C1F48C6028537E1E00CA8600 /* Moment.xcdatamodeld in Sources */ = {isa = PBXBuildFile; fileRef = C1F48C5E28537E1E00CA8600 /* Moment.xcdatamodeld */; };
		C1F48C6A28537E1F00CA8600 /* MomentTests.swift in Sources */ = {isa = PBXBuildFile; fileRef = C1F48C6928537E1F00CA8600 /* MomentTests.swift */; };
		C1F48C7428537E1F00CA8600 /* MomentUITests.swift in Sources */ = {isa = PBXBuildFile; fileRef = C1F48C7328537E1F00CA8600 /* MomentUITests.swift */; };
		C1F48C7628537E1F00CA8600 /* MomentUITestsLaunchTests.swift in Sources */ = {isa = PBXBuildFile; fileRef = C1F48C7528537E1F00CA8600 /* MomentUITestsLaunchTests.swift */; };
/* End PBXBuildFile section */

/* Begin PBXContainerItemProxy section */
		C1F48C6628537E1F00CA8600 /* PBXContainerItemProxy */ = {
			isa = PBXContainerItemProxy;
			containerPortal = C1F48C4828537E1E00CA8600 /* Project object */;
			proxyType = 1;
			remoteGlobalIDString = C1F48C4F28537E1E00CA8600;
			remoteInfo = Moment;
		};
		C1F48C7028537E1F00CA8600 /* PBXContainerItemProxy */ = {
			isa = PBXContainerItemProxy;
			containerPortal = C1F48C4828537E1E00CA8600 /* Project object */;
			proxyType = 1;
			remoteGlobalIDString = C1F48C4F28537E1E00CA8600;
			remoteInfo = Moment;
		};
/* End PBXContainerItemProxy section */

/* Begin PBXFileReference section */
		C1F48C5028537E1E00CA8600 /* Moment.app */ = {isa = PBXFileReference; explicitFileType = wrapper.application; includeInIndex = 0; path = Moment.app; sourceTree = BUILT_PRODUCTS_DIR; };
		C1F48C5328537E1E00CA8600 /* MomentApp.swift */ = {isa = PBXFileReference; lastKnownFileType = sourcecode.swift; path = MomentApp.swift; sourceTree = "<group>"; };
		C1F48C5528537E1E00CA8600 /* ContentView.swift */ = {isa = PBXFileReference; lastKnownFileType = sourcecode.swift; path = ContentView.swift; sourceTree = "<group>"; };
		C1F48C5728537E1E00CA8600 /* Assets.xcassets */ = {isa = PBXFileReference; lastKnownFileType = folder.assetcatalog; path = Assets.xcassets; sourceTree = "<group>"; };
		C1F48C5A28537E1E00CA8600 /* Preview Assets.xcassets */ = {isa = PBXFileReference; lastKnownFileType = folder.assetcatalog; path = "Preview Assets.xcassets"; sourceTree = "<group>"; };
		C1F48C5C28537E1E00CA8600 /* Persistence.swift */ = {isa = PBXFileReference; lastKnownFileType = sourcecode.swift; path = Persistence.swift; sourceTree = "<group>"; };
		C1F48C5F28537E1E00CA8600 /* Moment.xcdatamodel */ = {isa = PBXFileReference; lastKnownFileType = wrapper.xcdatamodel; path = Moment.xcdatamodel; sourceTree = "<group>"; };
		C1F48C6528537E1F00CA8600 /* MomentTests.xctest */ = {isa = PBXFileReference; explicitFileType = wrapper.cfbundle; includeInIndex = 0; path = MomentTests.xctest; sourceTree = BUILT_PRODUCTS_DIR; };
		C1F48C6928537E1F00CA8600 /* MomentTests.swift */ = {isa = PBXFileReference; lastKnownFileType = sourcecode.swift; path = MomentTests.swift; sourceTree = "<group>"; };
		C1F48C6F28537E1F00CA8600 /* MomentUITests.xctest */ = {isa = PBXFileReference; explicitFileType = wrapper.cfbundle; includeInIndex = 0; path = MomentUITests.xctest; sourceTree = BUILT_PRODUCTS_DIR; };
		C1F48C7328537E1F00CA8600 /* MomentUITests.swift */ = {isa = PBXFileReference; lastKnownFileType = sourcecode.swift; path = MomentUITests.swift; sourceTree = "<group>"; };
		C1F48C7528537E1F00CA8600 /* MomentUITestsLaunchTests.swift */ = {isa = PBXFileReference; lastKnownFileType = sourcecode.swift; path = MomentUITestsLaunchTests.swift; sourceTree = "<group>"; };
/* End PBXFileReference section */

/* Begin PBXFrameworksBuildPhase section */
		C1F48C4D28537E1E00CA8600 /* Frameworks */ = {
			isa = PBXFrameworksBuildPhase;
			buildActionMask = 2147483647;
			files = (
			);
			runOnlyForDeploymentPostprocessing = 0;
		};
		C1F48C6228537E1F00CA8600 /* Frameworks */ = {
			isa = PBXFrameworksBuildPhase;
			buildActionMask = 2147483647;
			files = (
			);
			runOnlyForDeploymentPostprocessing = 0;
		};
		C1F48C6C28537E1F00CA8600 /* Frameworks */ = {
			isa = PBXFrameworksBuildPhase;
			buildActionMask = 2147483647;
			files = (
			);
			runOnlyForDeploymentPostprocessing = 0;
		};
/* End PBXFrameworksBuildPhase section */

/* Begin PBXGroup section */
		C1F48C4728537E1E00CA8600 = {
			isa = PBXGroup;
			children = (
				C1F48C5228537E1E00CA8600 /* Moment */,
				C1F48C6828537E1F00CA8600 /* MomentTests */,
				C1F48C7228537E1F00CA8600 /* MomentUITests */,
				C1F48C5128537E1E00CA8600 /* Products */,
			);
			sourceTree = "<group>";
		};
		C1F48C5128537E1E00CA8600 /* Products */ = {
			isa = PBXGroup;
			children = (
				C1F48C5028537E1E00CA8600 /* Moment.app */,
				C1F48C6528537E1F00CA8600 /* MomentTests.xctest */,
				C1F48C6F28537E1F00CA8600 /* MomentUITests.xctest */,
			);
			name = Products;
			sourceTree = "<group>";
		};
		C1F48C5228537E1E00CA8600 /* Moment */ = {
			isa = PBXGroup;
			children = (
				C1F48C5328537E1E00CA8600 /* MomentApp.swift */,
				C1F48C5528537E1E00CA8600 /* ContentView.swift */,
				C1F48C5728537E1E00CA8600 /* Assets.xcassets */,
				C1F48C5C28537E1E00CA8600 /* Persistence.swift */,
				C1F48C5E28537E1E00CA8600 /* Moment.xcdatamodeld */,
				C1F48C5928537E1E00CA8600 /* Preview Content */,
			);
			path = Moment;
			sourceTree = "<group>";
		};
		C1F48C5928537E1E00CA8600 /* Preview Content */ = {
			isa = PBXGroup;
			children = (
				C1F48C5A28537E1E00CA8600 /* Preview Assets.xcassets */,
			);
			path = "Preview Content";
			sourceTree = "<group>";
		};
		C1F48C6828537E1F00CA8600 /* MomentTests */ = {
			isa = PBXGroup;
			children = (
				C1F48C6928537E1F00CA8600 /* MomentTests.swift */,
			);
			path = MomentTests;
			sourceTree = "<group>";
		};
		C1F48C7228537E1F00CA8600 /* MomentUITests */ = {
			isa = PBXGroup;
			children = (
				C1F48C7328537E1F00CA8600 /* MomentUITests.swift */,
				C1F48C7528537E1F00CA8600 /* MomentUITestsLaunchTests.swift */,
			);
			path = MomentUITests;
			sourceTree = "<group>";
		};
/* End PBXGroup section */

/* Begin PBXNativeTarget section */
		C1F48C4F28537E1E00CA8600 /* Moment */ = {
			isa = PBXNativeTarget;
			buildConfigurationList = C1F48C7928537E1F00CA8600 /* Build configuration list for PBXNativeTarget "Moment" */;
			buildPhases = (
				C1F48C4C28537E1E00CA8600 /* Sources */,
				C1F48C4D28537E1E00CA8600 /* Frameworks */,
				C1F48C4E28537E1E00CA8600 /* Resources */,
			);
			buildRules = (
			);
			dependencies = (
			);
			name = Moment;
			productName = Moment;
			productReference = C1F48C5028537E1E00CA8600 /* Moment.app */;
			productType = "com.apple.product-type.application";
		};
		C1F48C6428537E1F00CA8600 /* MomentTests */ = {
			isa = PBXNativeTarget;
			buildConfigurationList = C1F48C7C28537E1F00CA8600 /* Build configuration list for PBXNativeTarget "MomentTests" */;
			buildPhases = (
				C1F48C6128537E1F00CA8600 /* Sources */,
				C1F48C6228537E1F00CA8600 /* Frameworks */,
				C1F48C6328537E1F00CA8600 /* Resources */,
			);
			buildRules = (
			);
			dependencies = (
				C1F48C6728537E1F00CA8600 /* PBXTargetDependency */,
			);
			name = MomentTests;
			productName = MomentTests;
			productReference = C1F48C6528537E1F00CA8600 /* MomentTests.xctest */;
			productType = "com.apple.product-type.bundle.unit-test";
		};
		C1F48C6E28537E1F00CA8600 /* MomentUITests */ = {
			isa = PBXNativeTarget;
			buildConfigurationList = C1F48C7F28537E1F00CA8600 /* Build configuration list for PBXNativeTarget "MomentUITests" */;
			buildPhases = (
				C1F48C6B28537E1F00CA8600 /* Sources */,
				C1F48C6C28537E1F00CA8600 /* Frameworks */,
				C1F48C6D28537E1F00CA8600 /* Resources */,
			);
			buildRules = (
			);
			dependencies = (
				C1F48C7128537E1F00CA8600 /* PBXTargetDependency */,
			);
			name = MomentUITests;
			productName = MomentUITests;
			productReference = C1F48C6F28537E1F00CA8600 /* MomentUITests.xctest */;
			productType = "com.apple.product-type.bundle.ui-testing";
		};
/* End PBXNativeTarget section */

/* Begin PBXProject section */
		C1F48C4828537E1E00CA8600 /* Project object */ = {
			isa = PBXProject;
			attributes = {
				BuildIndependentTargetsInParallel = 1;
				LastSwiftUpdateCheck = 1340;
				LastUpgradeCheck = 1340;
				TargetAttributes = {
					C1F48C4F28537E1E00CA8600 = {
						CreatedOnToolsVersion = 13.4.1;
					};
					C1F48C6428537E1F00CA8600 = {
						CreatedOnToolsVersion = 13.4.1;
						TestTargetID = C1F48C4F28537E1E00CA8600;
					};
					C1F48C6E28537E1F00CA8600 = {
						CreatedOnToolsVersion = 13.4.1;
						TestTargetID = C1F48C4F28537E1E00CA8600;
					};
				};
			};
			buildConfigurationList = C1F48C4B28537E1E00CA8600 /* Build configuration list for PBXProject "Moment" */;
			compatibilityVersion = "Xcode 13.0";
			developmentRegion = en;
			hasScannedForEncodings = 0;
			knownRegions = (
				en,
				Base,
			);
			mainGroup = C1F48C4728537E1E00CA8600;
			productRefGroup = C1F48C5128537E1E00CA8600 /* Products */;
			projectDirPath = "";
			projectRoot = "";
			targets = (
				C1F48C4F28537E1E00CA8600 /* Moment */,
				C1F48C6428537E1F00CA8600 /* MomentTests */,
				C1F48C6E28537E1F00CA8600 /* MomentUITests */,
			);
		};
/* End PBXProject section */

/* Begin PBXResourcesBuildPhase section */
		C1F48C4E28537E1E00CA8600 /* Resources */ = {
			isa = PBXResourcesBuildPhase;
			buildActionMask = 2147483647;
			files = (
				C1F48C5B28537E1E00CA8600 /* Preview Assets.xcassets in Resources */,
				C1F48C5828537E1E00CA8600 /* Assets.xcassets in Resources */,
			);
			runOnlyForDeploymentPostprocessing = 0;
		};
		C1F48C6328537E1F00CA8600 /* Resources */ = {
			isa = PBXResourcesBuildPhase;
			buildActionMask = 2147483647;
			files = (
			);
			runOnlyForDeploymentPostprocessing = 0;
		};
		C1F48C6D28537E1F00CA8600 /* Resources */ = {
			isa = PBXResourcesBuildPhase;
			buildActionMask = 2147483647;
			files = (
			);
			runOnlyForDeploymentPostprocessing = 0;
		};
/* End PBXResourcesBuildPhase section */

/* Begin PBXSourcesBuildPhase section */
		C1F48C4C28537E1E00CA8600 /* Sources */ = {
			isa = PBXSourcesBuildPhase;
			buildActionMask = 2147483647;
			files = (
				C1F48C5D28537E1E00CA8600 /* Persistence.swift in Sources */,
				C1F48C5628537E1E00CA8600 /* ContentView.swift in Sources */,
				C1F48C5428537E1E00CA8600 /* MomentApp.swift in Sources */,
				C1F48C6028537E1E00CA8600 /* Moment.xcdatamodeld in Sources */,
			);
			runOnlyForDeploymentPostprocessing = 0;
		};
		C1F48C6128537E1F00CA8600 /* Sources */ = {
			isa = PBXSourcesBuildPhase;
			buildActionMask = 2147483647;
			files = (
				C1F48C6A28537E1F00CA8600 /* MomentTests.swift in Sources */,
			);
			runOnlyForDeploymentPostprocessing = 0;
		};
		C1F48C6B28537E1F00CA8600 /* Sources */ = {
			isa = PBXSourcesBuildPhase;
			buildActionMask = 2147483647;
			files = (
				C1F48C7628537E1F00CA8600 /* MomentUITestsLaunchTests.swift in Sources */,
				C1F48C7428537E1F00CA8600 /* MomentUITests.swift in Sources */,
			);
			runOnlyForDeploymentPostprocessing = 0;
		};
/* End PBXSourcesBuildPhase section */

/* Begin PBXTargetDependency section */
		C1F48C6728537E1F00CA8600 /* PBXTargetDependency */ = {
			isa = PBXTargetDependency;
			target = C1F48C4F28537E1E00CA8600 /* Moment */;
			targetProxy = C1F48C6628537E1F00CA8600 /* PBXContainerItemProxy */;
		};
		C1F48C7128537E1F00CA8600 /* PBXTargetDependency */ = {
			isa = PBXTargetDependency;
			target = C1F48C4F28537E1E00CA8600 /* Moment */;
			targetProxy = C1F48C7028537E1F00CA8600 /* PBXContainerItemProxy */;
		};
/* End PBXTargetDependency section */

/* Begin XCBuildConfiguration section */
		C1F48C7728537E1F00CA8600 /* Debug */ = {
			isa = XCBuildConfiguration;
			buildSettings = {
				ALWAYS_SEARCH_USER_PATHS = NO;
				CLANG_ANALYZER_NONNULL = YES;
				CLANG_ANALYZER_NUMBER_OBJECT_CONVERSION = YES_AGGRESSIVE;
				CLANG_CXX_LANGUAGE_STANDARD = "gnu++17";
				CLANG_ENABLE_MODULES = YES;
				CLANG_ENABLE_OBJC_ARC = YES;
				CLANG_ENABLE_OBJC_WEAK = YES;
				CLANG_WARN_BLOCK_CAPTURE_AUTORELEASING = YES;
				CLANG_WARN_BOOL_CONVERSION = YES;
				CLANG_WARN_COMMA = YES;
				CLANG_WARN_CONSTANT_CONVERSION = YES;
				CLANG_WARN_DEPRECATED_OBJC_IMPLEMENTATIONS = YES;
				CLANG_WARN_DIRECT_OBJC_ISA_USAGE = YES_ERROR;
				CLANG_WARN_DOCUMENTATION_COMMENTS = YES;
				CLANG_WARN_EMPTY_BODY = YES;
				CLANG_WARN_ENUM_CONVERSION = YES;
				CLANG_WARN_INFINITE_RECURSION = YES;
				CLANG_WARN_INT_CONVERSION = YES;
				CLANG_WARN_NON_LITERAL_NULL_CONVERSION = YES;
				CLANG_WARN_OBJC_IMPLICIT_RETAIN_SELF = YES;
				CLANG_WARN_OBJC_LITERAL_CONVERSION = YES;
				CLANG_WARN_OBJC_ROOT_CLASS = YES_ERROR;
				CLANG_WARN_QUOTED_INCLUDE_IN_FRAMEWORK_HEADER = YES;
				CLANG_WARN_RANGE_LOOP_ANALYSIS = YES;
				CLANG_WARN_STRICT_PROTOTYPES = YES;
				CLANG_WARN_SUSPICIOUS_MOVE = YES;
				CLANG_WARN_UNGUARDED_AVAILABILITY = YES_AGGRESSIVE;
				CLANG_WARN_UNREACHABLE_CODE = YES;
				CLANG_WARN__DUPLICATE_METHOD_MATCH = YES;
				COPY_PHASE_STRIP = NO;
				DEBUG_INFORMATION_FORMAT = dwarf;
				ENABLE_STRICT_OBJC_MSGSEND = YES;
				ENABLE_TESTABILITY = YES;
				GCC_C_LANGUAGE_STANDARD = gnu11;
				GCC_DYNAMIC_NO_PIC = NO;
				GCC_NO_COMMON_BLOCKS = YES;
				GCC_OPTIMIZATION_LEVEL = 0;
				GCC_PREPROCESSOR_DEFINITIONS = (
					"DEBUG=1",
					"$(inherited)",
				);
				GCC_WARN_64_TO_32_BIT_CONVERSION = YES;
				GCC_WARN_ABOUT_RETURN_TYPE = YES_ERROR;
				GCC_WARN_UNDECLARED_SELECTOR = YES;
				GCC_WARN_UNINITIALIZED_AUTOS = YES_AGGRESSIVE;
				GCC_WARN_UNUSED_FUNCTION = YES;
				GCC_WARN_UNUSED_VARIABLE = YES;
				IPHONEOS_DEPLOYMENT_TARGET = 15.5;
				MTL_ENABLE_DEBUG_INFO = INCLUDE_SOURCE;
				MTL_FAST_MATH = YES;
				ONLY_ACTIVE_ARCH = YES;
				SDKROOT = iphoneos;
				SWIFT_ACTIVE_COMPILATION_CONDITIONS = DEBUG;
				SWIFT_OPTIMIZATION_LEVEL = "-Onone";
			};
			name = Debug;
		};
		C1F48C7828537E1F00CA8600 /* Release */ = {
			isa = XCBuildConfiguration;
			buildSettings = {
				ALWAYS_SEARCH_USER_PATHS = NO;
				CLANG_ANALYZER_NONNULL = YES;
				CLANG_ANALYZER_NUMBER_OBJECT_CONVERSION = YES_AGGRESSIVE;
				CLANG_CXX_LANGUAGE_STANDARD = "gnu++17";
				CLANG_ENABLE_MODULES = YES;
				CLANG_ENABLE_OBJC_ARC = YES;
				CLANG_ENABLE_OBJC_WEAK = YES;
				CLANG_WARN_BLOCK_CAPTURE_AUTORELEASING = YES;
				CLANG_WARN_BOOL_CONVERSION = YES;
				CLANG_WARN_COMMA = YES;
				CLANG_WARN_CONSTANT_CONVERSION = YES;
				CLANG_WARN_DEPRECATED_OBJC_IMPLEMENTATIONS = YES;
				CLANG_WARN_DIRECT_OBJC_ISA_USAGE = YES_ERROR;
				CLANG_WARN_DOCUMENTATION_COMMENTS = YES;
				CLANG_WARN_EMPTY_BODY = YES;
				CLANG_WARN_ENUM_CONVERSION = YES;
				CLANG_WARN_INFINITE_RECURSION = YES;
				CLANG_WARN_INT_CONVERSION = YES;
				CLANG_WARN_NON_LITERAL_NULL_CONVERSION = YES;
				CLANG_WARN_OBJC_IMPLICIT_RETAIN_SELF = YES;
				CLANG_WARN_OBJC_LITERAL_CONVERSION = YES;
				CLANG_WARN_OBJC_ROOT_CLASS = YES_ERROR;
				CLANG_WARN_QUOTED_INCLUDE_IN_FRAMEWORK_HEADER = YES;
				CLANG_WARN_RANGE_LOOP_ANALYSIS = YES;
				CLANG_WARN_STRICT_PROTOTYPES = YES;
				CLANG_WARN_SUSPICIOUS_MOVE = YES;
				CLANG_WARN_UNGUARDED_AVAILABILITY = YES_AGGRESSIVE;
				CLANG_WARN_UNREACHABLE_CODE = YES;
				CLANG_WARN__DUPLICATE_METHOD_MATCH = YES;
				COPY_PHASE_STRIP = NO;
				DEBUG_INFORMATION_FORMAT = "dwarf-with-dsym";
				ENABLE_NS_ASSERTIONS = NO;
				ENABLE_STRICT_OBJC_MSGSEND = YES;
				GCC_C_LANGUAGE_STANDARD = gnu11;
				GCC_NO_COMMON_BLOCKS = YES;
				GCC_WARN_64_TO_32_BIT_CONVERSION = YES;
				GCC_WARN_ABOUT_RETURN_TYPE = YES_ERROR;
				GCC_WARN_UNDECLARED_SELECTOR = YES;
				GCC_WARN_UNINITIALIZED_AUTOS = YES_AGGRESSIVE;
				GCC_WARN_UNUSED_FUNCTION = YES;
				GCC_WARN_UNUSED_VARIABLE = YES;
				IPHONEOS_DEPLOYMENT_TARGET = 15.5;
				MTL_ENABLE_DEBUG_INFO = NO;
				MTL_FAST_MATH = YES;
				SDKROOT = iphoneos;
				SWIFT_COMPILATION_MODE = wholemodule;
				SWIFT_OPTIMIZATION_LEVEL = "-O";
				VALIDATE_PRODUCT = YES;
			};
			name = Release;
		};
		C1F48C7A28537E1F00CA8600 /* Debug */ = {
			isa = XCBuildConfiguration;
			buildSettings = {
				ASSETCATALOG_COMPILER_APPICON_NAME = AppIcon;
				ASSETCATALOG_COMPILER_GLOBAL_ACCENT_COLOR_NAME = AccentColor;
				CODE_SIGN_IDENTITY = "iPhone Developer";
				CODE_SIGN_STYLE = Manual;
				CURRENT_PROJECT_VERSION = 1;
				DEVELOPMENT_ASSET_PATHS = "\"Moment/Preview Content\"";
				DEVELOPMENT_TEAM = 68LU7Q7XD4;
				ENABLE_PREVIEWS = YES;
				GENERATE_INFOPLIST_FILE = YES;
				INFOPLIST_KEY_UIApplicationSceneManifest_Generation = YES;
				INFOPLIST_KEY_UIApplicationSupportsIndirectInputEvents = YES;
				INFOPLIST_KEY_UILaunchScreen_Generation = YES;
				INFOPLIST_KEY_UISupportedInterfaceOrientations_iPad = "UIInterfaceOrientationPortrait UIInterfaceOrientationPortraitUpsideDown UIInterfaceOrientationLandscapeLeft UIInterfaceOrientationLandscapeRight";
				INFOPLIST_KEY_UISupportedInterfaceOrientations_iPhone = "UIInterfaceOrientationPortrait UIInterfaceOrientationLandscapeLeft UIInterfaceOrientationLandscapeRight";
				IPHONEOS_DEPLOYMENT_TARGET = 15.5;
				LD_RUNPATH_SEARCH_PATHS = (
					"$(inherited)",
					"@executable_path/Frameworks",
				);
				MARKETING_VERSION = 1.0;
				PRODUCT_BUNDLE_IDENTIFIER = com.robin.Moment;
				PRODUCT_NAME = "$(TARGET_NAME)";
				PROVISIONING_PROFILE_SPECIFIER = dev_Moment;
				SWIFT_EMIT_LOC_STRINGS = YES;
				SWIFT_VERSION = 5.0;
				TARGETED_DEVICE_FAMILY = 1;
			};
			name = Debug;
		};
		C1F48C7B28537E1F00CA8600 /* Release */ = {
			isa = XCBuildConfiguration;
			buildSettings = {
				ASSETCATALOG_COMPILER_APPICON_NAME = AppIcon;
				ASSETCATALOG_COMPILER_GLOBAL_ACCENT_COLOR_NAME = AccentColor;
				CODE_SIGN_IDENTITY = "iPhone Developer";
				CODE_SIGN_STYLE = Manual;
				CURRENT_PROJECT_VERSION = 1;
				DEVELOPMENT_ASSET_PATHS = "\"Moment/Preview Content\"";
				DEVELOPMENT_TEAM = 68LU7Q7XD4;
				ENABLE_PREVIEWS = YES;
				GENERATE_INFOPLIST_FILE = YES;
				INFOPLIST_KEY_UIApplicationSceneManifest_Generation = YES;
				INFOPLIST_KEY_UIApplicationSupportsIndirectInputEvents = YES;
				INFOPLIST_KEY_UILaunchScreen_Generation = YES;
				INFOPLIST_KEY_UISupportedInterfaceOrientations_iPad = "UIInterfaceOrientationPortrait UIInterfaceOrientationPortraitUpsideDown UIInterfaceOrientationLandscapeLeft UIInterfaceOrientationLandscapeRight";
				INFOPLIST_KEY_UISupportedInterfaceOrientations_iPhone = "UIInterfaceOrientationPortrait UIInterfaceOrientationLandscapeLeft UIInterfaceOrientationLandscapeRight";
				IPHONEOS_DEPLOYMENT_TARGET = 15.5;
				LD_RUNPATH_SEARCH_PATHS = (
					"$(inherited)",
					"@executable_path/Frameworks",
				);
				MARKETING_VERSION = 1.0;
				PRODUCT_BUNDLE_IDENTIFIER = com.robin.Moment;
				PRODUCT_NAME = "$(TARGET_NAME)";
				PROVISIONING_PROFILE_SPECIFIER = dev_Moment;
				SWIFT_EMIT_LOC_STRINGS = YES;
				SWIFT_VERSION = 5.0;
				TARGETED_DEVICE_FAMILY = 1;
			};
			name = Release;
		};
		C1F48C7D28537E1F00CA8600 /* Debug */ = {
			isa = XCBuildConfiguration;
			buildSettings = {
				ALWAYS_EMBED_SWIFT_STANDARD_LIBRARIES = YES;
				BUNDLE_LOADER = "$(TEST_HOST)";
				CODE_SIGN_STYLE = Automatic;
				CURRENT_PROJECT_VERSION = 1;
				DEVELOPMENT_TEAM = 68LU7Q7XD4;
				GENERATE_INFOPLIST_FILE = YES;
				IPHONEOS_DEPLOYMENT_TARGET = 15.5;
				MARKETING_VERSION = 1.0;
				PRODUCT_BUNDLE_IDENTIFIER = com.robin.MomentTests;
				PRODUCT_NAME = "$(TARGET_NAME)";
				SWIFT_EMIT_LOC_STRINGS = NO;
				SWIFT_VERSION = 5.0;
				TARGETED_DEVICE_FAMILY = "1,2";
				TEST_HOST = "$(BUILT_PRODUCTS_DIR)/Moment.app/Moment";
			};
			name = Debug;
		};
		C1F48C7E28537E1F00CA8600 /* Release */ = {
			isa = XCBuildConfiguration;
			buildSettings = {
				ALWAYS_EMBED_SWIFT_STANDARD_LIBRARIES = YES;
				BUNDLE_LOADER = "$(TEST_HOST)";
				CODE_SIGN_STYLE = Automatic;
				CURRENT_PROJECT_VERSION = 1;
				DEVELOPMENT_TEAM = 68LU7Q7XD4;
				GENERATE_INFOPLIST_FILE = YES;
				IPHONEOS_DEPLOYMENT_TARGET = 15.5;
				MARKETING_VERSION = 1.0;
				PRODUCT_BUNDLE_IDENTIFIER = com.robin.MomentTests;
				PRODUCT_NAME = "$(TARGET_NAME)";
				SWIFT_EMIT_LOC_STRINGS = NO;
				SWIFT_VERSION = 5.0;
				TARGETED_DEVICE_FAMILY = "1,2";
				TEST_HOST = "$(BUILT_PRODUCTS_DIR)/Moment.app/Moment";
			};
			name = Release;
		};
		C1F48C8028537E1F00CA8600 /* Debug */ = {
			isa = XCBuildConfiguration;
			buildSettings = {
				ALWAYS_EMBED_SWIFT_STANDARD_LIBRARIES = YES;
				CODE_SIGN_STYLE = Automatic;
				CURRENT_PROJECT_VERSION = 1;
				DEVELOPMENT_TEAM = 68LU7Q7XD4;
				GENERATE_INFOPLIST_FILE = YES;
				MARKETING_VERSION = 1.0;
				PRODUCT_BUNDLE_IDENTIFIER = com.robin.MomentUITests;
				PRODUCT_NAME = "$(TARGET_NAME)";
				SWIFT_EMIT_LOC_STRINGS = NO;
				SWIFT_VERSION = 5.0;
				TARGETED_DEVICE_FAMILY = "1,2";
				TEST_TARGET_NAME = Moment;
			};
			name = Debug;
		};
		C1F48C8128537E1F00CA8600 /* Release */ = {
			isa = XCBuildConfiguration;
			buildSettings = {
				ALWAYS_EMBED_SWIFT_STANDARD_LIBRARIES = YES;
				CODE_SIGN_STYLE = Automatic;
				CURRENT_PROJECT_VERSION = 1;
				DEVELOPMENT_TEAM = 68LU7Q7XD4;
				GENERATE_INFOPLIST_FILE = YES;
				MARKETING_VERSION = 1.0;
				PRODUCT_BUNDLE_IDENTIFIER = com.robin.MomentUITests;
				PRODUCT_NAME = "$(TARGET_NAME)";
				SWIFT_EMIT_LOC_STRINGS = NO;
				SWIFT_VERSION = 5.0;
				TARGETED_DEVICE_FAMILY = "1,2";
				TEST_TARGET_NAME = Moment;
			};
			name = Release;
		};
/* End XCBuildConfiguration section */

/* Begin XCConfigurationList section */
		C1F48C4B28537E1E00CA8600 /* Build configuration list for PBXProject "Moment" */ = {
			isa = XCConfigurationList;
			buildConfigurations = (
				C1F48C7728537E1F00CA8600 /* Debug */,
				C1F48C7828537E1F00CA8600 /* Release */,
			);
			defaultConfigurationIsVisible = 0;
			defaultConfigurationName = Release;
		};
		C1F48C7928537E1F00CA8600 /* Build configuration list for PBXNativeTarget "Moment" */ = {
			isa = XCConfigurationList;
			buildConfigurations = (
				C1F48C7A28537E1F00CA8600 /* Debug */,
				C1F48C7B28537E1F00CA8600 /* Release */,
			);
			defaultConfigurationIsVisible = 0;
			defaultConfigurationName = Release;
		};
		C1F48C7C28537E1F00CA8600 /* Build configuration list for PBXNativeTarget "MomentTests" */ = {
			isa = XCConfigurationList;
			buildConfigurations = (
				C1F48C7D28537E1F00CA8600 /* Debug */,
				C1F48C7E28537E1F00CA8600 /* Release */,
			);
			defaultConfigurationIsVisible = 0;
			defaultConfigurationName = Release;
		};
		C1F48C7F28537E1F00CA8600 /* Build configuration list for PBXNativeTarget "MomentUITests" */ = {
			isa = XCConfigurationList;
			buildConfigurations = (
				C1F48C8028537E1F00CA8600 /* Debug */,
				C1F48C8128537E1F00CA8600 /* Release */,
			);
			defaultConfigurationIsVisible = 0;
			defaultConfigurationName = Release;
		};
/* End XCConfigurationList section */

/* Begin XCVersionGroup section */
		C1F48C5E28537E1E00CA8600 /* Moment.xcdatamodeld */ = {
			isa = XCVersionGroup;
			children = (
				C1F48C5F28537E1E00CA8600 /* Moment.xcdatamodel */,
			);
			currentVersion = C1F48C5F28537E1E00CA8600 /* Moment.xcdatamodel */;
			path = Moment.xcdatamodeld;
			sourceTree = "<group>";
			versionGroupType = wrapper.xcdatamodel;
		};
/* End XCVersionGroup section */
	};
	rootObject = C1F48C4828537E1E00CA8600 /* Project object */;
}
