// !$*UTF8*$!
{
	archiveVersion = 1;
	classes = {
	};
	objectVersion = 55;
	objects = {

/* Begin PBXBuildFile section */
		0CDC8CA1285C5C5A008E587A /* PinDetailView.swift in Sources */ = {isa = PBXBuildFile; fileRef = 0CDC8C9A285C5C5A008E587A /* PinDetailView.swift */; };
		0CDC8CA2285C5C5A008E587A /* RecordedMemoView.swift in Sources */ = {isa = PBXBuildFile; fileRef = 0CDC8C9C285C5C5A008E587A /* RecordedMemoView.swift */; };
		0CDC8CA3285C5C5A008E587A /* ImageScrollView.swift in Sources */ = {isa = PBXBuildFile; fileRef = 0CDC8C9D285C5C5A008E587A /* ImageScrollView.swift */; };
		0CDC8CA4285C5C5A008E587A /* ImageDetailView.swift in Sources */ = {isa = PBXBuildFile; fileRef = 0CDC8C9E285C5C5A008E587A /* ImageDetailView.swift */; };
		0CDC8CA5285C5C5A008E587A /* TitleImageView.swift in Sources */ = {isa = PBXBuildFile; fileRef = 0CDC8C9F285C5C5A008E587A /* TitleImageView.swift */; };
		0CDC8CA6285C5C5A008E587A /* SmallMapView.swift in Sources */ = {isa = PBXBuildFile; fileRef = 0CDC8CA0285C5C5A008E587A /* SmallMapView.swift */; };
		31117BD6285B3D5B0072C3B9 /* ViewOffsetKey.swift in Sources */ = {isa = PBXBuildFile; fileRef = 31117BD5285B3D5B0072C3B9 /* ViewOffsetKey.swift */; };
		31117BD8285B3DE50072C3B9 /* CoreDataManager.swift in Sources */ = {isa = PBXBuildFile; fileRef = 31117BD7285B3DE50072C3B9 /* CoreDataManager.swift */; };
		31117BDA285B3E0E0072C3B9 /* StateManager.swift in Sources */ = {isa = PBXBuildFile; fileRef = 31117BD9285B3E0E0072C3B9 /* StateManager.swift */; };
		31117BDC285B3E4C0072C3B9 /* CoreDataRealationshipViewModel.swift in Sources */ = {isa = PBXBuildFile; fileRef = 31117BDB285B3E4C0072C3B9 /* CoreDataRealationshipViewModel.swift */; };
		31117BDE285B423D0072C3B9 /* CategoryListVew.swift in Sources */ = {isa = PBXBuildFile; fileRef = 31117BDD285B423D0072C3B9 /* CategoryListVew.swift */; };
		31117BE0285B425E0072C3B9 /* PinListView.swift in Sources */ = {isa = PBXBuildFile; fileRef = 31117BDF285B425E0072C3B9 /* PinListView.swift */; };
		31117BE2285B42640072C3B9 /* PinCardView.swift in Sources */ = {isa = PBXBuildFile; fileRef = 31117BE1285B42640072C3B9 /* PinCardView.swift */; };
		31117BE4285B426D0072C3B9 /* PinNavbar.swift in Sources */ = {isa = PBXBuildFile; fileRef = 31117BE3285B426D0072C3B9 /* PinNavbar.swift */; };
		31117BE6285B4B4F0072C3B9 /* OpeningView.swift in Sources */ = {isa = PBXBuildFile; fileRef = 31117BE5285B4B4F0072C3B9 /* OpeningView.swift */; };
		31117BE8285B64ED0072C3B9 /* CategoryAddView.swift in Sources */ = {isa = PBXBuildFile; fileRef = 31117BE7285B64ED0072C3B9 /* CategoryAddView.swift */; };
		96419B4A285B1A7700A25704 /* Moment.xcdatamodeld in Sources */ = {isa = PBXBuildFile; fileRef = 96419B48285B1A7700A25704 /* Moment.xcdatamodeld */; };
		96419B51285B1AD300A25704 /* Category+CoreDataClass.swift in Sources */ = {isa = PBXBuildFile; fileRef = 96419B4B285B1AD300A25704 /* Category+CoreDataClass.swift */; };
		96419B52285B1AD300A25704 /* Category+CoreDataProperties.swift in Sources */ = {isa = PBXBuildFile; fileRef = 96419B4C285B1AD300A25704 /* Category+CoreDataProperties.swift */; };
		96419B53285B1AD300A25704 /* Pin+CoreDataClass.swift in Sources */ = {isa = PBXBuildFile; fileRef = 96419B4D285B1AD300A25704 /* Pin+CoreDataClass.swift */; };
		96419B54285B1AD300A25704 /* Pin+CoreDataProperties.swift in Sources */ = {isa = PBXBuildFile; fileRef = 96419B4E285B1AD300A25704 /* Pin+CoreDataProperties.swift */; };
		96419B55285B1AD300A25704 /* Photo+CoreDataClass.swift in Sources */ = {isa = PBXBuildFile; fileRef = 96419B4F285B1AD300A25704 /* Photo+CoreDataClass.swift */; };
		96419B56285B1AD300A25704 /* Photo+CoreDataProperties.swift in Sources */ = {isa = PBXBuildFile; fileRef = 96419B50285B1AD300A25704 /* Photo+CoreDataProperties.swift */; };
		96419B80285B1C8100A25704 /* CoreDateViewModel.swift in Sources */ = {isa = PBXBuildFile; fileRef = 96419B65285B1C8000A25704 /* CoreDateViewModel.swift */; };
		96419B81285B1C8100A25704 /* MapViewModel.swift in Sources */ = {isa = PBXBuildFile; fileRef = 96419B66285B1C8000A25704 /* MapViewModel.swift */; };
		96419B82285B1C8100A25704 /* Persistence.swift in Sources */ = {isa = PBXBuildFile; fileRef = 96419B67285B1C8000A25704 /* Persistence.swift */; };
		96419B83285B1C8100A25704 /* TotalTripView.swift in Sources */ = {isa = PBXBuildFile; fileRef = 96419B69285B1C8100A25704 /* TotalTripView.swift */; };
		96419B84285B1C8100A25704 /* MapView.swift in Sources */ = {isa = PBXBuildFile; fileRef = 96419B6A285B1C8100A25704 /* MapView.swift */; };
		96419B86285B1C8100A25704 /* WritingView.swift in Sources */ = {isa = PBXBuildFile; fileRef = 96419B6C285B1C8100A25704 /* WritingView.swift */; };
		96419B87285B1C8100A25704 /* PinDrawStyle.swift in Sources */ = {isa = PBXBuildFile; fileRef = 96419B6E285B1C8100A25704 /* PinDrawStyle.swift */; };
		96419B88285B1C8100A25704 /* EmoPicker.swift in Sources */ = {isa = PBXBuildFile; fileRef = 96419B6F285B1C8100A25704 /* EmoPicker.swift */; };
		96419B89285B1C8100A25704 /* LoopingPinView.swift in Sources */ = {isa = PBXBuildFile; fileRef = 96419B70285B1C8100A25704 /* LoopingPinView.swift */; };
		96419B8A285B1C8100A25704 /* PinView.swift in Sources */ = {isa = PBXBuildFile; fileRef = 96419B71285B1C8100A25704 /* PinView.swift */; };
		96419B8B285B1C8100A25704 /* EditMapView.swift in Sources */ = {isa = PBXBuildFile; fileRef = 96419B72285B1C8100A25704 /* EditMapView.swift */; };
		96419B8D285B1C8100A25704 /* MainView.swift in Sources */ = {isa = PBXBuildFile; fileRef = 96419B74285B1C8100A25704 /* MainView.swift */; };
		96419B8F285B1C8100A25704 /* MenuView.swift in Sources */ = {isa = PBXBuildFile; fileRef = 96419B76285B1C8100A25704 /* MenuView.swift */; };
		96419B90285B1C8100A25704 /* DelayView.swift in Sources */ = {isa = PBXBuildFile; fileRef = 96419B77285B1C8100A25704 /* DelayView.swift */; };
		96419B91285B1C8100A25704 /* PinPageView.swift in Sources */ = {isa = PBXBuildFile; fileRef = 96419B78285B1C8100A25704 /* PinPageView.swift */; };
		96419B94285B1C8100A25704 /* Assets.xcassets in Resources */ = {isa = PBXBuildFile; fileRef = 96419B7D285B1C8100A25704 /* Assets.xcassets */; };
		96419B9A285B1DDC00A25704 /* SwiftUIPager in Frameworks */ = {isa = PBXBuildFile; productRef = 96419B99285B1DDC00A25704 /* SwiftUIPager */; };
		C169FE6F285C8D8400401EA8 /* PinDetailAddView.swift in Sources */ = {isa = PBXBuildFile; fileRef = C169FE68285C8D8400401EA8 /* PinDetailAddView.swift */; };
		C169FE70285C8D8400401EA8 /* ImagePicker.swift in Sources */ = {isa = PBXBuildFile; fileRef = C169FE6A285C8D8400401EA8 /* ImagePicker.swift */; };
		C169FE71285C8D8400401EA8 /* ButtonStyles.swift in Sources */ = {isa = PBXBuildFile; fileRef = C169FE6B285C8D8400401EA8 /* ButtonStyles.swift */; };
		C169FE72285C8D8400401EA8 /* PinImageAddView.swift in Sources */ = {isa = PBXBuildFile; fileRef = C169FE6C285C8D8400401EA8 /* PinImageAddView.swift */; };
		C169FE73285C8D8400401EA8 /* AddDetailTest.swift in Sources */ = {isa = PBXBuildFile; fileRef = C169FE6D285C8D8400401EA8 /* AddDetailTest.swift */; };
		C169FE74285C8D8400401EA8 /* PinContentAddView.swift in Sources */ = {isa = PBXBuildFile; fileRef = C169FE6E285C8D8400401EA8 /* PinContentAddView.swift */; };
		C169FE76285C8DAD00401EA8 /* RootPresentationModeExtension.swift in Sources */ = {isa = PBXBuildFile; fileRef = C169FE75285C8DAD00401EA8 /* RootPresentationModeExtension.swift */; };
		C19F0E0A2856271100EDC807 /* UIImageFileManager.swift in Sources */ = {isa = PBXBuildFile; fileRef = C19F0E092856271100EDC807 /* UIImageFileManager.swift */; };
		C1F48C5428537E1E00CA8600 /* MomentApp.swift in Sources */ = {isa = PBXBuildFile; fileRef = C1F48C5328537E1E00CA8600 /* MomentApp.swift */; };
		C1F48C5628537E1E00CA8600 /* ContentView.swift in Sources */ = {isa = PBXBuildFile; fileRef = C1F48C5528537E1E00CA8600 /* ContentView.swift */; };
		C1F48C5B28537E1E00CA8600 /* Preview Assets.xcassets in Resources */ = {isa = PBXBuildFile; fileRef = C1F48C5A28537E1E00CA8600 /* Preview Assets.xcassets */; };
		C1F48C6A28537E1F00CA8600 /* MomentTests.swift in Sources */ = {isa = PBXBuildFile; fileRef = C1F48C6928537E1F00CA8600 /* MomentTests.swift */; };
		C1F48C7428537E1F00CA8600 /* MomentUITests.swift in Sources */ = {isa = PBXBuildFile; fileRef = C1F48C7328537E1F00CA8600 /* MomentUITests.swift */; };
		C1F48C7628537E1F00CA8600 /* MomentUITestsLaunchTests.swift in Sources */ = {isa = PBXBuildFile; fileRef = C1F48C7528537E1F00CA8600 /* MomentUITestsLaunchTests.swift */; };
/* End PBXBuildFile section */

/* Begin PBXContainerItemProxy section */
		C1F48C6628537E1F00CA8600 /* PBXContainerItemProxy */ = {
			isa = PBXContainerItemProxy;
			containerPortal = C1F48C4828537E1E00CA8600 /* Project object */;
			proxyType = 1;
			remoteGlobalIDString = C1F48C4F28537E1E00CA8600;
			remoteInfo = Moment;
		};
		C1F48C7028537E1F00CA8600 /* PBXContainerItemProxy */ = {
			isa = PBXContainerItemProxy;
			containerPortal = C1F48C4828537E1E00CA8600 /* Project object */;
			proxyType = 1;
			remoteGlobalIDString = C1F48C4F28537E1E00CA8600;
			remoteInfo = Moment;
		};
/* End PBXContainerItemProxy section */

/* Begin PBXFileReference section */
		0CDC8C9A285C5C5A008E587A /* PinDetailView.swift */ = {isa = PBXFileReference; fileEncoding = 4; lastKnownFileType = sourcecode.swift; path = PinDetailView.swift; sourceTree = "<group>"; };
		0CDC8C9C285C5C5A008E587A /* RecordedMemoView.swift */ = {isa = PBXFileReference; fileEncoding = 4; lastKnownFileType = sourcecode.swift; path = RecordedMemoView.swift; sourceTree = "<group>"; };
		0CDC8C9D285C5C5A008E587A /* ImageScrollView.swift */ = {isa = PBXFileReference; fileEncoding = 4; lastKnownFileType = sourcecode.swift; path = ImageScrollView.swift; sourceTree = "<group>"; };
		0CDC8C9E285C5C5A008E587A /* ImageDetailView.swift */ = {isa = PBXFileReference; fileEncoding = 4; lastKnownFileType = sourcecode.swift; path = ImageDetailView.swift; sourceTree = "<group>"; };
		0CDC8C9F285C5C5A008E587A /* TitleImageView.swift */ = {isa = PBXFileReference; fileEncoding = 4; lastKnownFileType = sourcecode.swift; path = TitleImageView.swift; sourceTree = "<group>"; };
		0CDC8CA0285C5C5A008E587A /* SmallMapView.swift */ = {isa = PBXFileReference; fileEncoding = 4; lastKnownFileType = sourcecode.swift; path = SmallMapView.swift; sourceTree = "<group>"; };
		31117BD5285B3D5B0072C3B9 /* ViewOffsetKey.swift */ = {isa = PBXFileReference; lastKnownFileType = sourcecode.swift; path = ViewOffsetKey.swift; sourceTree = "<group>"; };
		31117BD7285B3DE50072C3B9 /* CoreDataManager.swift */ = {isa = PBXFileReference; lastKnownFileType = sourcecode.swift; path = CoreDataManager.swift; sourceTree = "<group>"; };
		31117BD9285B3E0E0072C3B9 /* StateManager.swift */ = {isa = PBXFileReference; lastKnownFileType = sourcecode.swift; path = StateManager.swift; sourceTree = "<group>"; };
		31117BDB285B3E4C0072C3B9 /* CoreDataRealationshipViewModel.swift */ = {isa = PBXFileReference; lastKnownFileType = sourcecode.swift; path = CoreDataRealationshipViewModel.swift; sourceTree = "<group>"; };
		31117BDD285B423D0072C3B9 /* CategoryListVew.swift */ = {isa = PBXFileReference; lastKnownFileType = sourcecode.swift; path = CategoryListVew.swift; sourceTree = "<group>"; };
		31117BDF285B425E0072C3B9 /* PinListView.swift */ = {isa = PBXFileReference; lastKnownFileType = sourcecode.swift; path = PinListView.swift; sourceTree = "<group>"; };
		31117BE1285B42640072C3B9 /* PinCardView.swift */ = {isa = PBXFileReference; lastKnownFileType = sourcecode.swift; path = PinCardView.swift; sourceTree = "<group>"; };
		31117BE3285B426D0072C3B9 /* PinNavbar.swift */ = {isa = PBXFileReference; lastKnownFileType = sourcecode.swift; path = PinNavbar.swift; sourceTree = "<group>"; };
		31117BE5285B4B4F0072C3B9 /* OpeningView.swift */ = {isa = PBXFileReference; lastKnownFileType = sourcecode.swift; path = OpeningView.swift; sourceTree = "<group>"; };
		31117BE7285B64ED0072C3B9 /* CategoryAddView.swift */ = {isa = PBXFileReference; lastKnownFileType = sourcecode.swift; path = CategoryAddView.swift; sourceTree = "<group>"; };
		96419B49285B1A7700A25704 /* CoreDataModel.xcdatamodel */ = {isa = PBXFileReference; lastKnownFileType = wrapper.xcdatamodel; path = CoreDataModel.xcdatamodel; sourceTree = "<group>"; };
		96419B4B285B1AD300A25704 /* Category+CoreDataClass.swift */ = {isa = PBXFileReference; lastKnownFileType = sourcecode.swift; name = "Category+CoreDataClass.swift"; path = "Moment/Category+CoreDataClass.swift"; sourceTree = "<group>"; };
		96419B4C285B1AD300A25704 /* Category+CoreDataProperties.swift */ = {isa = PBXFileReference; lastKnownFileType = sourcecode.swift; name = "Category+CoreDataProperties.swift"; path = "Moment/Category+CoreDataProperties.swift"; sourceTree = "<group>"; };
		96419B4D285B1AD300A25704 /* Pin+CoreDataClass.swift */ = {isa = PBXFileReference; lastKnownFileType = sourcecode.swift; name = "Pin+CoreDataClass.swift"; path = "Moment/Pin+CoreDataClass.swift"; sourceTree = "<group>"; };
		96419B4E285B1AD300A25704 /* Pin+CoreDataProperties.swift */ = {isa = PBXFileReference; lastKnownFileType = sourcecode.swift; name = "Pin+CoreDataProperties.swift"; path = "Moment/Pin+CoreDataProperties.swift"; sourceTree = "<group>"; };
		96419B4F285B1AD300A25704 /* Photo+CoreDataClass.swift */ = {isa = PBXFileReference; lastKnownFileType = sourcecode.swift; name = "Photo+CoreDataClass.swift"; path = "Moment/Photo+CoreDataClass.swift"; sourceTree = "<group>"; };
		96419B50285B1AD300A25704 /* Photo+CoreDataProperties.swift */ = {isa = PBXFileReference; lastKnownFileType = sourcecode.swift; name = "Photo+CoreDataProperties.swift"; path = "Moment/Photo+CoreDataProperties.swift"; sourceTree = "<group>"; };
		96419B65285B1C8000A25704 /* CoreDateViewModel.swift */ = {isa = PBXFileReference; fileEncoding = 4; lastKnownFileType = sourcecode.swift; path = CoreDateViewModel.swift; sourceTree = "<group>"; };
		96419B66285B1C8000A25704 /* MapViewModel.swift */ = {isa = PBXFileReference; fileEncoding = 4; lastKnownFileType = sourcecode.swift; path = MapViewModel.swift; sourceTree = "<group>"; };
		96419B67285B1C8000A25704 /* Persistence.swift */ = {isa = PBXFileReference; fileEncoding = 4; lastKnownFileType = sourcecode.swift; path = Persistence.swift; sourceTree = "<group>"; };
		96419B69285B1C8100A25704 /* TotalTripView.swift */ = {isa = PBXFileReference; fileEncoding = 4; lastKnownFileType = sourcecode.swift; path = TotalTripView.swift; sourceTree = "<group>"; };
		96419B6A285B1C8100A25704 /* MapView.swift */ = {isa = PBXFileReference; fileEncoding = 4; lastKnownFileType = sourcecode.swift; path = MapView.swift; sourceTree = "<group>"; };
		96419B6C285B1C8100A25704 /* WritingView.swift */ = {isa = PBXFileReference; fileEncoding = 4; lastKnownFileType = sourcecode.swift; path = WritingView.swift; sourceTree = "<group>"; };
		96419B6E285B1C8100A25704 /* PinDrawStyle.swift */ = {isa = PBXFileReference; fileEncoding = 4; lastKnownFileType = sourcecode.swift; path = PinDrawStyle.swift; sourceTree = "<group>"; };
		96419B6F285B1C8100A25704 /* EmoPicker.swift */ = {isa = PBXFileReference; fileEncoding = 4; lastKnownFileType = sourcecode.swift; path = EmoPicker.swift; sourceTree = "<group>"; };
		96419B70285B1C8100A25704 /* LoopingPinView.swift */ = {isa = PBXFileReference; fileEncoding = 4; lastKnownFileType = sourcecode.swift; path = LoopingPinView.swift; sourceTree = "<group>"; };
		96419B71285B1C8100A25704 /* PinView.swift */ = {isa = PBXFileReference; fileEncoding = 4; lastKnownFileType = sourcecode.swift; path = PinView.swift; sourceTree = "<group>"; };
		96419B72285B1C8100A25704 /* EditMapView.swift */ = {isa = PBXFileReference; fileEncoding = 4; lastKnownFileType = sourcecode.swift; path = EditMapView.swift; sourceTree = "<group>"; };
		96419B74285B1C8100A25704 /* MainView.swift */ = {isa = PBXFileReference; fileEncoding = 4; lastKnownFileType = sourcecode.swift; path = MainView.swift; sourceTree = "<group>"; };
		96419B76285B1C8100A25704 /* MenuView.swift */ = {isa = PBXFileReference; fileEncoding = 4; lastKnownFileType = sourcecode.swift; path = MenuView.swift; sourceTree = "<group>"; };
		96419B77285B1C8100A25704 /* DelayView.swift */ = {isa = PBXFileReference; fileEncoding = 4; lastKnownFileType = sourcecode.swift; path = DelayView.swift; sourceTree = "<group>"; };
		96419B78285B1C8100A25704 /* PinPageView.swift */ = {isa = PBXFileReference; fileEncoding = 4; lastKnownFileType = sourcecode.swift; path = PinPageView.swift; sourceTree = "<group>"; };
		96419B7D285B1C8100A25704 /* Assets.xcassets */ = {isa = PBXFileReference; lastKnownFileType = folder.assetcatalog; path = Assets.xcassets; sourceTree = "<group>"; };
		C169FE68285C8D8400401EA8 /* PinDetailAddView.swift */ = {isa = PBXFileReference; fileEncoding = 4; lastKnownFileType = sourcecode.swift; path = PinDetailAddView.swift; sourceTree = "<group>"; };
		C169FE6A285C8D8400401EA8 /* ImagePicker.swift */ = {isa = PBXFileReference; fileEncoding = 4; lastKnownFileType = sourcecode.swift; path = ImagePicker.swift; sourceTree = "<group>"; };
		C169FE6B285C8D8400401EA8 /* ButtonStyles.swift */ = {isa = PBXFileReference; fileEncoding = 4; lastKnownFileType = sourcecode.swift; path = ButtonStyles.swift; sourceTree = "<group>"; };
		C169FE6C285C8D8400401EA8 /* PinImageAddView.swift */ = {isa = PBXFileReference; fileEncoding = 4; lastKnownFileType = sourcecode.swift; path = PinImageAddView.swift; sourceTree = "<group>"; };
		C169FE6D285C8D8400401EA8 /* AddDetailTest.swift */ = {isa = PBXFileReference; fileEncoding = 4; lastKnownFileType = sourcecode.swift; path = AddDetailTest.swift; sourceTree = "<group>"; };
		C169FE6E285C8D8400401EA8 /* PinContentAddView.swift */ = {isa = PBXFileReference; fileEncoding = 4; lastKnownFileType = sourcecode.swift; path = PinContentAddView.swift; sourceTree = "<group>"; };
		C169FE75285C8DAD00401EA8 /* RootPresentationModeExtension.swift */ = {isa = PBXFileReference; lastKnownFileType = sourcecode.swift; path = RootPresentationModeExtension.swift; sourceTree = "<group>"; };
		C19F0E092856271100EDC807 /* UIImageFileManager.swift */ = {isa = PBXFileReference; fileEncoding = 4; lastKnownFileType = sourcecode.swift; path = UIImageFileManager.swift; sourceTree = "<group>"; };
		C1F48C5028537E1E00CA8600 /* Moment.app */ = {isa = PBXFileReference; explicitFileType = wrapper.application; includeInIndex = 0; path = Moment.app; sourceTree = BUILT_PRODUCTS_DIR; };
		C1F48C5328537E1E00CA8600 /* MomentApp.swift */ = {isa = PBXFileReference; lastKnownFileType = sourcecode.swift; path = MomentApp.swift; sourceTree = "<group>"; };
		C1F48C5528537E1E00CA8600 /* ContentView.swift */ = {isa = PBXFileReference; lastKnownFileType = sourcecode.swift; path = ContentView.swift; sourceTree = "<group>"; };
		C1F48C5A28537E1E00CA8600 /* Preview Assets.xcassets */ = {isa = PBXFileReference; lastKnownFileType = folder.assetcatalog; path = "Preview Assets.xcassets"; sourceTree = "<group>"; };
		C1F48C6528537E1F00CA8600 /* MomentTests.xctest */ = {isa = PBXFileReference; explicitFileType = wrapper.cfbundle; includeInIndex = 0; path = MomentTests.xctest; sourceTree = BUILT_PRODUCTS_DIR; };
		C1F48C6928537E1F00CA8600 /* MomentTests.swift */ = {isa = PBXFileReference; lastKnownFileType = sourcecode.swift; path = MomentTests.swift; sourceTree = "<group>"; };
		C1F48C6F28537E1F00CA8600 /* MomentUITests.xctest */ = {isa = PBXFileReference; explicitFileType = wrapper.cfbundle; includeInIndex = 0; path = MomentUITests.xctest; sourceTree = BUILT_PRODUCTS_DIR; };
		C1F48C7328537E1F00CA8600 /* MomentUITests.swift */ = {isa = PBXFileReference; lastKnownFileType = sourcecode.swift; path = MomentUITests.swift; sourceTree = "<group>"; };
		C1F48C7528537E1F00CA8600 /* MomentUITestsLaunchTests.swift */ = {isa = PBXFileReference; lastKnownFileType = sourcecode.swift; path = MomentUITestsLaunchTests.swift; sourceTree = "<group>"; };
/* End PBXFileReference section */

/* Begin PBXFrameworksBuildPhase section */
		C1F48C4D28537E1E00CA8600 /* Frameworks */ = {
			isa = PBXFrameworksBuildPhase;
			buildActionMask = 2147483647;
			files = (
				96419B9A285B1DDC00A25704 /* SwiftUIPager in Frameworks */,
			);
			runOnlyForDeploymentPostprocessing = 0;
		};
		C1F48C6228537E1F00CA8600 /* Frameworks */ = {
			isa = PBXFrameworksBuildPhase;
			buildActionMask = 2147483647;
			files = (
			);
			runOnlyForDeploymentPostprocessing = 0;
		};
		C1F48C6C28537E1F00CA8600 /* Frameworks */ = {
			isa = PBXFrameworksBuildPhase;
			buildActionMask = 2147483647;
			files = (
			);
			runOnlyForDeploymentPostprocessing = 0;
		};
/* End PBXFrameworksBuildPhase section */

/* Begin PBXGroup section */
		0CDC8C99285C5C5A008E587A /* PinDetailView */ = {
			isa = PBXGroup;
			children = (
				0CDC8C9A285C5C5A008E587A /* PinDetailView.swift */,
				0CDC8C9B285C5C5A008E587A /* Component */,
			);
			path = PinDetailView;
			sourceTree = "<group>";
		};
		0CDC8C9B285C5C5A008E587A /* Component */ = {
			isa = PBXGroup;
			children = (
				0CDC8C9F285C5C5A008E587A /* TitleImageView.swift */,
				0CDC8C9C285C5C5A008E587A /* RecordedMemoView.swift */,
				0CDC8C9D285C5C5A008E587A /* ImageScrollView.swift */,
				0CDC8C9E285C5C5A008E587A /* ImageDetailView.swift */,
				0CDC8CA0285C5C5A008E587A /* SmallMapView.swift */,
			);
			path = Component;
			sourceTree = "<group>";
		};
		31117BD4285B39010072C3B9 /* PinListView */ = {
			isa = PBXGroup;
			children = (
				31117BDF285B425E0072C3B9 /* PinListView.swift */,
				31117BE1285B42640072C3B9 /* PinCardView.swift */,
				31117BE3285B426D0072C3B9 /* PinNavbar.swift */,
			);
			path = PinListView;
			sourceTree = "<group>";
		};
		96419B64285B1C8000A25704 /* ViewModel */ = {
			isa = PBXGroup;
			children = (
				96419B66285B1C8000A25704 /* MapViewModel.swift */,
				96419B65285B1C8000A25704 /* CoreDateViewModel.swift */,
				31117BD5285B3D5B0072C3B9 /* ViewOffsetKey.swift */,
				31117BD9285B3E0E0072C3B9 /* StateManager.swift */,
				31117BDB285B3E4C0072C3B9 /* CoreDataRealationshipViewModel.swift */,
			);
			path = ViewModel;
			sourceTree = "<group>";
		};
		96419B68285B1C8100A25704 /* View */ = {
			isa = PBXGroup;
			children = (
				96419B9D285B26B500A25704 /* MapView */,
				96419BA0285B284D00A25704 /* CategoryListView */,
				31117BD4285B39010072C3B9 /* PinListView */,
				0CDC8C99285C5C5A008E587A /* PinDetailView */,
				96419B9B285B239100A25704 /* PinDetailAddView */,
			);
			path = View;
			sourceTree = "<group>";
		};
		96419B96285B1D4C00A25704 /* Model */ = {
			isa = PBXGroup;
			children = (
				96419B67285B1C8000A25704 /* Persistence.swift */,
				96419B48285B1A7700A25704 /* Moment.xcdatamodeld */,
				31117BD7285B3DE50072C3B9 /* CoreDataManager.swift */,
			);
			path = Model;
			sourceTree = "<group>";
		};
		96419B97285B1D5F00A25704 /* Manager */ = {
			isa = PBXGroup;
			children = (
				C19F0E092856271100EDC807 /* UIImageFileManager.swift */,
			);
			path = Manager;
			sourceTree = "<group>";
		};
		96419B9B285B239100A25704 /* PinDetailAddView */ = {
			isa = PBXGroup;
			children = (
				C169FE6D285C8D8400401EA8 /* AddDetailTest.swift */,
				C169FE68285C8D8400401EA8 /* PinDetailAddView.swift */,
				C169FE6C285C8D8400401EA8 /* PinImageAddView.swift */,
				C169FE6E285C8D8400401EA8 /* PinContentAddView.swift */,
				96419B6C285B1C8100A25704 /* WritingView.swift */,
				96419B72285B1C8100A25704 /* EditMapView.swift */,
				C169FE69285C8D8400401EA8 /* Extras */,
			);
			path = PinDetailAddView;
			sourceTree = "<group>";
		};
		96419B9D285B26B500A25704 /* MapView */ = {
			isa = PBXGroup;
			children = (
				96419B74285B1C8100A25704 /* MainView.swift */,
				96419B6A285B1C8100A25704 /* MapView.swift */,
				96419B6E285B1C8100A25704 /* PinDrawStyle.swift */,
				96419B9F285B282000A25704 /* MainSubView */,
				96419B9E285B26CA00A25704 /* MapSubView */,
			);
			path = MapView;
			sourceTree = "<group>";
		};
		96419B9E285B26CA00A25704 /* MapSubView */ = {
			isa = PBXGroup;
			children = (
				96419B71285B1C8100A25704 /* PinView.swift */,
				96419B70285B1C8100A25704 /* LoopingPinView.swift */,
			);
			path = MapSubView;
			sourceTree = "<group>";
		};
		96419B9F285B282000A25704 /* MainSubView */ = {
			isa = PBXGroup;
			children = (
				96419B76285B1C8100A25704 /* MenuView.swift */,
				96419B6F285B1C8100A25704 /* EmoPicker.swift */,
				96419B77285B1C8100A25704 /* DelayView.swift */,
				96419B78285B1C8100A25704 /* PinPageView.swift */,
			);
			path = MainSubView;
			sourceTree = "<group>";
		};
		96419BA0285B284D00A25704 /* CategoryListView */ = {
			isa = PBXGroup;
			children = (
				96419B69285B1C8100A25704 /* TotalTripView.swift */,
				31117BDD285B423D0072C3B9 /* CategoryListVew.swift */,
				31117BE5285B4B4F0072C3B9 /* OpeningView.swift */,
				31117BE7285B64ED0072C3B9 /* CategoryAddView.swift */,
			);
			path = CategoryListView;
			sourceTree = "<group>";
		};
		C169FE69285C8D8400401EA8 /* Extras */ = {
			isa = PBXGroup;
			children = (
				C169FE6B285C8D8400401EA8 /* ButtonStyles.swift */,
				C169FE6A285C8D8400401EA8 /* ImagePicker.swift */,
				C169FE75285C8DAD00401EA8 /* RootPresentationModeExtension.swift */,
			);
			path = Extras;
			sourceTree = "<group>";
		};
		C1F48C4728537E1E00CA8600 = {
			isa = PBXGroup;
			children = (
				96419B4B285B1AD300A25704 /* Category+CoreDataClass.swift */,
				96419B4C285B1AD300A25704 /* Category+CoreDataProperties.swift */,
				96419B4D285B1AD300A25704 /* Pin+CoreDataClass.swift */,
				96419B4E285B1AD300A25704 /* Pin+CoreDataProperties.swift */,
				96419B4F285B1AD300A25704 /* Photo+CoreDataClass.swift */,
				96419B50285B1AD300A25704 /* Photo+CoreDataProperties.swift */,
				C1F48C5228537E1E00CA8600 /* Moment */,
				C1F48C6828537E1F00CA8600 /* MomentTests */,
				C1F48C7228537E1F00CA8600 /* MomentUITests */,
				C1F48C5128537E1E00CA8600 /* Products */,
			);
			sourceTree = "<group>";
		};
		C1F48C5128537E1E00CA8600 /* Products */ = {
			isa = PBXGroup;
			children = (
				C1F48C5028537E1E00CA8600 /* Moment.app */,
				C1F48C6528537E1F00CA8600 /* MomentTests.xctest */,
				C1F48C6F28537E1F00CA8600 /* MomentUITests.xctest */,
			);
			name = Products;
			sourceTree = "<group>";
		};
		C1F48C5228537E1E00CA8600 /* Moment */ = {
			isa = PBXGroup;
			children = (
				C1F48C5328537E1E00CA8600 /* MomentApp.swift */,
				C1F48C5528537E1E00CA8600 /* ContentView.swift */,
				96419B68285B1C8100A25704 /* View */,
				96419B64285B1C8000A25704 /* ViewModel */,
				96419B96285B1D4C00A25704 /* Model */,
				96419B97285B1D5F00A25704 /* Manager */,
				96419B7D285B1C8100A25704 /* Assets.xcassets */,
				C1F48C5928537E1E00CA8600 /* Preview Content */,
			);
			path = Moment;
			sourceTree = "<group>";
		};
		C1F48C5928537E1E00CA8600 /* Preview Content */ = {
			isa = PBXGroup;
			children = (
				C1F48C5A28537E1E00CA8600 /* Preview Assets.xcassets */,
			);
			path = "Preview Content";
			sourceTree = "<group>";
		};
		C1F48C6828537E1F00CA8600 /* MomentTests */ = {
			isa = PBXGroup;
			children = (
				C1F48C6928537E1F00CA8600 /* MomentTests.swift */,
			);
			path = MomentTests;
			sourceTree = "<group>";
		};
		C1F48C7228537E1F00CA8600 /* MomentUITests */ = {
			isa = PBXGroup;
			children = (
				C1F48C7328537E1F00CA8600 /* MomentUITests.swift */,
				C1F48C7528537E1F00CA8600 /* MomentUITestsLaunchTests.swift */,
			);
			path = MomentUITests;
			sourceTree = "<group>";
		};
/* End PBXGroup section */

/* Begin PBXNativeTarget section */
		C1F48C4F28537E1E00CA8600 /* Moment */ = {
			isa = PBXNativeTarget;
			buildConfigurationList = C1F48C7928537E1F00CA8600 /* Build configuration list for PBXNativeTarget "Moment" */;
			buildPhases = (
				C1F48C4C28537E1E00CA8600 /* Sources */,
				C1F48C4D28537E1E00CA8600 /* Frameworks */,
				C1F48C4E28537E1E00CA8600 /* Resources */,
			);
			buildRules = (
			);
			dependencies = (
			);
			name = Moment;
			packageProductDependencies = (
				96419B99285B1DDC00A25704 /* SwiftUIPager */,
			);
			productName = Moment;
			productReference = C1F48C5028537E1E00CA8600 /* Moment.app */;
			productType = "com.apple.product-type.application";
		};
		C1F48C6428537E1F00CA8600 /* MomentTests */ = {
			isa = PBXNativeTarget;
			buildConfigurationList = C1F48C7C28537E1F00CA8600 /* Build configuration list for PBXNativeTarget "MomentTests" */;
			buildPhases = (
				C1F48C6128537E1F00CA8600 /* Sources */,
				C1F48C6228537E1F00CA8600 /* Frameworks */,
				C1F48C6328537E1F00CA8600 /* Resources */,
			);
			buildRules = (
			);
			dependencies = (
				C1F48C6728537E1F00CA8600 /* PBXTargetDependency */,
			);
			name = MomentTests;
			productName = MomentTests;
			productReference = C1F48C6528537E1F00CA8600 /* MomentTests.xctest */;
			productType = "com.apple.product-type.bundle.unit-test";
		};
		C1F48C6E28537E1F00CA8600 /* MomentUITests */ = {
			isa = PBXNativeTarget;
			buildConfigurationList = C1F48C7F28537E1F00CA8600 /* Build configuration list for PBXNativeTarget "MomentUITests" */;
			buildPhases = (
				C1F48C6B28537E1F00CA8600 /* Sources */,
				C1F48C6C28537E1F00CA8600 /* Frameworks */,
				C1F48C6D28537E1F00CA8600 /* Resources */,
			);
			buildRules = (
			);
			dependencies = (
				C1F48C7128537E1F00CA8600 /* PBXTargetDependency */,
			);
			name = MomentUITests;
			productName = MomentUITests;
			productReference = C1F48C6F28537E1F00CA8600 /* MomentUITests.xctest */;
			productType = "com.apple.product-type.bundle.ui-testing";
		};
/* End PBXNativeTarget section */

/* Begin PBXProject section */
		C1F48C4828537E1E00CA8600 /* Project object */ = {
			isa = PBXProject;
			attributes = {
				BuildIndependentTargetsInParallel = 1;
				LastSwiftUpdateCheck = 1340;
				LastUpgradeCheck = 1340;
				TargetAttributes = {
					C1F48C4F28537E1E00CA8600 = {
						CreatedOnToolsVersion = 13.4.1;
					};
					C1F48C6428537E1F00CA8600 = {
						CreatedOnToolsVersion = 13.4.1;
						TestTargetID = C1F48C4F28537E1E00CA8600;
					};
					C1F48C6E28537E1F00CA8600 = {
						CreatedOnToolsVersion = 13.4.1;
						TestTargetID = C1F48C4F28537E1E00CA8600;
					};
				};
			};
			buildConfigurationList = C1F48C4B28537E1E00CA8600 /* Build configuration list for PBXProject "Moment" */;
			compatibilityVersion = "Xcode 13.0";
			developmentRegion = en;
			hasScannedForEncodings = 0;
			knownRegions = (
				en,
				Base,
			);
			mainGroup = C1F48C4728537E1E00CA8600;
			packageReferences = (
				96419B98285B1DDC00A25704 /* XCRemoteSwiftPackageReference "SwiftUIPager" */,
			);
			productRefGroup = C1F48C5128537E1E00CA8600 /* Products */;
			projectDirPath = "";
			projectRoot = "";
			targets = (
				C1F48C4F28537E1E00CA8600 /* Moment */,
				C1F48C6428537E1F00CA8600 /* MomentTests */,
				C1F48C6E28537E1F00CA8600 /* MomentUITests */,
			);
		};
/* End PBXProject section */

/* Begin PBXResourcesBuildPhase section */
		C1F48C4E28537E1E00CA8600 /* Resources */ = {
			isa = PBXResourcesBuildPhase;
			buildActionMask = 2147483647;
			files = (
				C1F48C5B28537E1E00CA8600 /* Preview Assets.xcassets in Resources */,
				96419B94285B1C8100A25704 /* Assets.xcassets in Resources */,
			);
			runOnlyForDeploymentPostprocessing = 0;
		};
		C1F48C6328537E1F00CA8600 /* Resources */ = {
			isa = PBXResourcesBuildPhase;
			buildActionMask = 2147483647;
			files = (
			);
			runOnlyForDeploymentPostprocessing = 0;
		};
		C1F48C6D28537E1F00CA8600 /* Resources */ = {
			isa = PBXResourcesBuildPhase;
			buildActionMask = 2147483647;
			files = (
			);
			runOnlyForDeploymentPostprocessing = 0;
		};
/* End PBXResourcesBuildPhase section */

/* Begin PBXSourcesBuildPhase section */
		C1F48C4C28537E1E00CA8600 /* Sources */ = {
			isa = PBXSourcesBuildPhase;
			buildActionMask = 2147483647;
			files = (
				96419B83285B1C8100A25704 /* TotalTripView.swift in Sources */,
				96419B8D285B1C8100A25704 /* MainView.swift in Sources */,
				C169FE74285C8D8400401EA8 /* PinContentAddView.swift in Sources */,
				96419B55285B1AD300A25704 /* Photo+CoreDataClass.swift in Sources */,
				96419B8A285B1C8100A25704 /* PinView.swift in Sources */,
				96419B52285B1AD300A25704 /* Category+CoreDataProperties.swift in Sources */,
				96419B54285B1AD300A25704 /* Pin+CoreDataProperties.swift in Sources */,
				31117BD8285B3DE50072C3B9 /* CoreDataManager.swift in Sources */,
				96419B88285B1C8100A25704 /* EmoPicker.swift in Sources */,
				31117BE2285B42640072C3B9 /* PinCardView.swift in Sources */,
				96419B8F285B1C8100A25704 /* MenuView.swift in Sources */,
				96419B90285B1C8100A25704 /* DelayView.swift in Sources */,
				31117BDE285B423D0072C3B9 /* CategoryListVew.swift in Sources */,
				96419B86285B1C8100A25704 /* WritingView.swift in Sources */,
				96419B51285B1AD300A25704 /* Category+CoreDataClass.swift in Sources */,
				C1F48C5628537E1E00CA8600 /* ContentView.swift in Sources */,
				31117BDC285B3E4C0072C3B9 /* CoreDataRealationshipViewModel.swift in Sources */,
				96419B89285B1C8100A25704 /* LoopingPinView.swift in Sources */,
				96419B80285B1C8100A25704 /* CoreDateViewModel.swift in Sources */,
				96419B84285B1C8100A25704 /* MapView.swift in Sources */,
				C1F48C5428537E1E00CA8600 /* MomentApp.swift in Sources */,
				0CDC8CA6285C5C5A008E587A /* SmallMapView.swift in Sources */,
				31117BDA285B3E0E0072C3B9 /* StateManager.swift in Sources */,
				C169FE73285C8D8400401EA8 /* AddDetailTest.swift in Sources */,
				0CDC8CA5285C5C5A008E587A /* TitleImageView.swift in Sources */,
				96419B87285B1C8100A25704 /* PinDrawStyle.swift in Sources */,
				31117BD6285B3D5B0072C3B9 /* ViewOffsetKey.swift in Sources */,
				C169FE72285C8D8400401EA8 /* PinImageAddView.swift in Sources */,
				96419B91285B1C8100A25704 /* PinPageView.swift in Sources */,
				0CDC8CA2285C5C5A008E587A /* RecordedMemoView.swift in Sources */,
				96419B82285B1C8100A25704 /* Persistence.swift in Sources */,
				96419B53285B1AD300A25704 /* Pin+CoreDataClass.swift in Sources */,
				C169FE76285C8DAD00401EA8 /* RootPresentationModeExtension.swift in Sources */,
				96419B56285B1AD300A25704 /* Photo+CoreDataProperties.swift in Sources */,
				C169FE70285C8D8400401EA8 /* ImagePicker.swift in Sources */,
				0CDC8CA4285C5C5A008E587A /* ImageDetailView.swift in Sources */,
				0CDC8CA1285C5C5A008E587A /* PinDetailView.swift in Sources */,
				C169FE71285C8D8400401EA8 /* ButtonStyles.swift in Sources */,
				31117BE6285B4B4F0072C3B9 /* OpeningView.swift in Sources */,
				31117BE0285B425E0072C3B9 /* PinListView.swift in Sources */,
				96419B4A285B1A7700A25704 /* Moment.xcdatamodeld in Sources */,
				C169FE6F285C8D8400401EA8 /* PinDetailAddView.swift in Sources */,
				0CDC8CA3285C5C5A008E587A /* ImageScrollView.swift in Sources */,
				96419B8B285B1C8100A25704 /* EditMapView.swift in Sources */,
				31117BE8285B64ED0072C3B9 /* CategoryAddView.swift in Sources */,
				C19F0E0A2856271100EDC807 /* UIImageFileManager.swift in Sources */,
				96419B81285B1C8100A25704 /* MapViewModel.swift in Sources */,
				31117BE4285B426D0072C3B9 /* PinNavbar.swift in Sources */,
			);
			runOnlyForDeploymentPostprocessing = 0;
		};
		C1F48C6128537E1F00CA8600 /* Sources */ = {
			isa = PBXSourcesBuildPhase;
			buildActionMask = 2147483647;
			files = (
				C1F48C6A28537E1F00CA8600 /* MomentTests.swift in Sources */,
			);
			runOnlyForDeploymentPostprocessing = 0;
		};
		C1F48C6B28537E1F00CA8600 /* Sources */ = {
			isa = PBXSourcesBuildPhase;
			buildActionMask = 2147483647;
			files = (
				C1F48C7628537E1F00CA8600 /* MomentUITestsLaunchTests.swift in Sources */,
				C1F48C7428537E1F00CA8600 /* MomentUITests.swift in Sources */,
			);
			runOnlyForDeploymentPostprocessing = 0;
		};
/* End PBXSourcesBuildPhase section */

/* Begin PBXTargetDependency section */
		C1F48C6728537E1F00CA8600 /* PBXTargetDependency */ = {
			isa = PBXTargetDependency;
			target = C1F48C4F28537E1E00CA8600 /* Moment */;
			targetProxy = C1F48C6628537E1F00CA8600 /* PBXContainerItemProxy */;
		};
		C1F48C7128537E1F00CA8600 /* PBXTargetDependency */ = {
			isa = PBXTargetDependency;
			target = C1F48C4F28537E1E00CA8600 /* Moment */;
			targetProxy = C1F48C7028537E1F00CA8600 /* PBXContainerItemProxy */;
		};
/* End PBXTargetDependency section */

/* Begin XCBuildConfiguration section */
		C1F48C7728537E1F00CA8600 /* Debug */ = {
			isa = XCBuildConfiguration;
			buildSettings = {
				ALWAYS_SEARCH_USER_PATHS = NO;
				CLANG_ANALYZER_NONNULL = YES;
				CLANG_ANALYZER_NUMBER_OBJECT_CONVERSION = YES_AGGRESSIVE;
				CLANG_CXX_LANGUAGE_STANDARD = "gnu++17";
				CLANG_ENABLE_MODULES = YES;
				CLANG_ENABLE_OBJC_ARC = YES;
				CLANG_ENABLE_OBJC_WEAK = YES;
				CLANG_WARN_BLOCK_CAPTURE_AUTORELEASING = YES;
				CLANG_WARN_BOOL_CONVERSION = YES;
				CLANG_WARN_COMMA = YES;
				CLANG_WARN_CONSTANT_CONVERSION = YES;
				CLANG_WARN_DEPRECATED_OBJC_IMPLEMENTATIONS = YES;
				CLANG_WARN_DIRECT_OBJC_ISA_USAGE = YES_ERROR;
				CLANG_WARN_DOCUMENTATION_COMMENTS = YES;
				CLANG_WARN_EMPTY_BODY = YES;
				CLANG_WARN_ENUM_CONVERSION = YES;
				CLANG_WARN_INFINITE_RECURSION = YES;
				CLANG_WARN_INT_CONVERSION = YES;
				CLANG_WARN_NON_LITERAL_NULL_CONVERSION = YES;
				CLANG_WARN_OBJC_IMPLICIT_RETAIN_SELF = YES;
				CLANG_WARN_OBJC_LITERAL_CONVERSION = YES;
				CLANG_WARN_OBJC_ROOT_CLASS = YES_ERROR;
				CLANG_WARN_QUOTED_INCLUDE_IN_FRAMEWORK_HEADER = YES;
				CLANG_WARN_RANGE_LOOP_ANALYSIS = YES;
				CLANG_WARN_STRICT_PROTOTYPES = YES;
				CLANG_WARN_SUSPICIOUS_MOVE = YES;
				CLANG_WARN_UNGUARDED_AVAILABILITY = YES_AGGRESSIVE;
				CLANG_WARN_UNREACHABLE_CODE = YES;
				CLANG_WARN__DUPLICATE_METHOD_MATCH = YES;
				COPY_PHASE_STRIP = NO;
				DEBUG_INFORMATION_FORMAT = dwarf;
				ENABLE_STRICT_OBJC_MSGSEND = YES;
				ENABLE_TESTABILITY = YES;
				GCC_C_LANGUAGE_STANDARD = gnu11;
				GCC_DYNAMIC_NO_PIC = NO;
				GCC_NO_COMMON_BLOCKS = YES;
				GCC_OPTIMIZATION_LEVEL = 0;
				GCC_PREPROCESSOR_DEFINITIONS = (
					"DEBUG=1",
					"$(inherited)",
				);
				GCC_WARN_64_TO_32_BIT_CONVERSION = YES;
				GCC_WARN_ABOUT_RETURN_TYPE = YES_ERROR;
				GCC_WARN_UNDECLARED_SELECTOR = YES;
				GCC_WARN_UNINITIALIZED_AUTOS = YES_AGGRESSIVE;
				GCC_WARN_UNUSED_FUNCTION = YES;
				GCC_WARN_UNUSED_VARIABLE = YES;
				IPHONEOS_DEPLOYMENT_TARGET = 15.5;
				MTL_ENABLE_DEBUG_INFO = INCLUDE_SOURCE;
				MTL_FAST_MATH = YES;
				ONLY_ACTIVE_ARCH = YES;
				SDKROOT = iphoneos;
				SWIFT_ACTIVE_COMPILATION_CONDITIONS = DEBUG;
				SWIFT_OPTIMIZATION_LEVEL = "-Onone";
			};
			name = Debug;
		};
		C1F48C7828537E1F00CA8600 /* Release */ = {
			isa = XCBuildConfiguration;
			buildSettings = {
				ALWAYS_SEARCH_USER_PATHS = NO;
				CLANG_ANALYZER_NONNULL = YES;
				CLANG_ANALYZER_NUMBER_OBJECT_CONVERSION = YES_AGGRESSIVE;
				CLANG_CXX_LANGUAGE_STANDARD = "gnu++17";
				CLANG_ENABLE_MODULES = YES;
				CLANG_ENABLE_OBJC_ARC = YES;
				CLANG_ENABLE_OBJC_WEAK = YES;
				CLANG_WARN_BLOCK_CAPTURE_AUTORELEASING = YES;
				CLANG_WARN_BOOL_CONVERSION = YES;
				CLANG_WARN_COMMA = YES;
				CLANG_WARN_CONSTANT_CONVERSION = YES;
				CLANG_WARN_DEPRECATED_OBJC_IMPLEMENTATIONS = YES;
				CLANG_WARN_DIRECT_OBJC_ISA_USAGE = YES_ERROR;
				CLANG_WARN_DOCUMENTATION_COMMENTS = YES;
				CLANG_WARN_EMPTY_BODY = YES;
				CLANG_WARN_ENUM_CONVERSION = YES;
				CLANG_WARN_INFINITE_RECURSION = YES;
				CLANG_WARN_INT_CONVERSION = YES;
				CLANG_WARN_NON_LITERAL_NULL_CONVERSION = YES;
				CLANG_WARN_OBJC_IMPLICIT_RETAIN_SELF = YES;
				CLANG_WARN_OBJC_LITERAL_CONVERSION = YES;
				CLANG_WARN_OBJC_ROOT_CLASS = YES_ERROR;
				CLANG_WARN_QUOTED_INCLUDE_IN_FRAMEWORK_HEADER = YES;
				CLANG_WARN_RANGE_LOOP_ANALYSIS = YES;
				CLANG_WARN_STRICT_PROTOTYPES = YES;
				CLANG_WARN_SUSPICIOUS_MOVE = YES;
				CLANG_WARN_UNGUARDED_AVAILABILITY = YES_AGGRESSIVE;
				CLANG_WARN_UNREACHABLE_CODE = YES;
				CLANG_WARN__DUPLICATE_METHOD_MATCH = YES;
				COPY_PHASE_STRIP = NO;
				DEBUG_INFORMATION_FORMAT = "dwarf-with-dsym";
				ENABLE_NS_ASSERTIONS = NO;
				ENABLE_STRICT_OBJC_MSGSEND = YES;
				GCC_C_LANGUAGE_STANDARD = gnu11;
				GCC_NO_COMMON_BLOCKS = YES;
				GCC_WARN_64_TO_32_BIT_CONVERSION = YES;
				GCC_WARN_ABOUT_RETURN_TYPE = YES_ERROR;
				GCC_WARN_UNDECLARED_SELECTOR = YES;
				GCC_WARN_UNINITIALIZED_AUTOS = YES_AGGRESSIVE;
				GCC_WARN_UNUSED_FUNCTION = YES;
				GCC_WARN_UNUSED_VARIABLE = YES;
				IPHONEOS_DEPLOYMENT_TARGET = 15.5;
				MTL_ENABLE_DEBUG_INFO = NO;
				MTL_FAST_MATH = YES;
				SDKROOT = iphoneos;
				SWIFT_COMPILATION_MODE = wholemodule;
				SWIFT_OPTIMIZATION_LEVEL = "-O";
				VALIDATE_PRODUCT = YES;
			};
			name = Release;
		};
		C1F48C7A28537E1F00CA8600 /* Debug */ = {
			isa = XCBuildConfiguration;
			buildSettings = {
				ASSETCATALOG_COMPILER_APPICON_NAME = AppIcon;
				ASSETCATALOG_COMPILER_GLOBAL_ACCENT_COLOR_NAME = AccentColor;
				CODE_SIGN_IDENTITY = "iPhone Developer";
				CODE_SIGN_STYLE = Manual;
				CURRENT_PROJECT_VERSION = 1;
				DEVELOPMENT_ASSET_PATHS = "\"Moment/Preview Content\"";
				DEVELOPMENT_TEAM = 68LU7Q7XD4;
				ENABLE_PREVIEWS = YES;
				GENERATE_INFOPLIST_FILE = YES;
				INFOPLIST_KEY_NSLocationWhenInUseUsageDescription = "원활한 앱 사용을 위해 사용자의 위치 권한이 필요합니다.";
				INFOPLIST_KEY_UIApplicationSceneManifest_Generation = YES;
				INFOPLIST_KEY_UIApplicationSupportsIndirectInputEvents = YES;
				INFOPLIST_KEY_UILaunchScreen_Generation = YES;
				INFOPLIST_KEY_UISupportedInterfaceOrientations_iPad = "UIInterfaceOrientationPortrait UIInterfaceOrientationPortraitUpsideDown UIInterfaceOrientationLandscapeLeft UIInterfaceOrientationLandscapeRight";
				INFOPLIST_KEY_UISupportedInterfaceOrientations_iPhone = "UIInterfaceOrientationPortrait UIInterfaceOrientationLandscapeLeft UIInterfaceOrientationLandscapeRight";
				IPHONEOS_DEPLOYMENT_TARGET = 15.5;
				LD_RUNPATH_SEARCH_PATHS = (
					"$(inherited)",
					"@executable_path/Frameworks",
				);
				MARKETING_VERSION = 1.0;
				PRODUCT_BUNDLE_IDENTIFIER = com.robin.Moment;
				PRODUCT_NAME = "$(TARGET_NAME)";
				PROVISIONING_PROFILE_SPECIFIER = dev_Moment;
				SWIFT_EMIT_LOC_STRINGS = YES;
				SWIFT_VERSION = 5.0;
				TARGETED_DEVICE_FAMILY = 1;
			};
			name = Debug;
		};
		C1F48C7B28537E1F00CA8600 /* Release */ = {
			isa = XCBuildConfiguration;
			buildSettings = {
				ASSETCATALOG_COMPILER_APPICON_NAME = AppIcon;
				ASSETCATALOG_COMPILER_GLOBAL_ACCENT_COLOR_NAME = AccentColor;
				CODE_SIGN_IDENTITY = "iPhone Developer";
				CODE_SIGN_STYLE = Manual;
				CURRENT_PROJECT_VERSION = 1;
				DEVELOPMENT_ASSET_PATHS = "\"Moment/Preview Content\"";
				DEVELOPMENT_TEAM = 68LU7Q7XD4;
				ENABLE_PREVIEWS = YES;
				GENERATE_INFOPLIST_FILE = YES;
				INFOPLIST_KEY_NSLocationWhenInUseUsageDescription = "원활한 앱 사용을 위해 사용자의 위치 권한이 필요합니다.";
				INFOPLIST_KEY_UIApplicationSceneManifest_Generation = YES;
				INFOPLIST_KEY_UIApplicationSupportsIndirectInputEvents = YES;
				INFOPLIST_KEY_UILaunchScreen_Generation = YES;
				INFOPLIST_KEY_UISupportedInterfaceOrientations_iPad = "UIInterfaceOrientationPortrait UIInterfaceOrientationPortraitUpsideDown UIInterfaceOrientationLandscapeLeft UIInterfaceOrientationLandscapeRight";
				INFOPLIST_KEY_UISupportedInterfaceOrientations_iPhone = "UIInterfaceOrientationPortrait UIInterfaceOrientationLandscapeLeft UIInterfaceOrientationLandscapeRight";
				IPHONEOS_DEPLOYMENT_TARGET = 15.5;
				LD_RUNPATH_SEARCH_PATHS = (
					"$(inherited)",
					"@executable_path/Frameworks",
				);
				MARKETING_VERSION = 1.0;
				PRODUCT_BUNDLE_IDENTIFIER = com.robin.Moment;
				PRODUCT_NAME = "$(TARGET_NAME)";
				PROVISIONING_PROFILE_SPECIFIER = dev_Moment;
				SWIFT_EMIT_LOC_STRINGS = YES;
				SWIFT_VERSION = 5.0;
				TARGETED_DEVICE_FAMILY = 1;
			};
			name = Release;
		};
		C1F48C7D28537E1F00CA8600 /* Debug */ = {
			isa = XCBuildConfiguration;
			buildSettings = {
				ALWAYS_EMBED_SWIFT_STANDARD_LIBRARIES = YES;
				BUNDLE_LOADER = "$(TEST_HOST)";
				CODE_SIGN_STYLE = Automatic;
				CURRENT_PROJECT_VERSION = 1;
				DEVELOPMENT_TEAM = 68LU7Q7XD4;
				GENERATE_INFOPLIST_FILE = YES;
				IPHONEOS_DEPLOYMENT_TARGET = 15.5;
				MARKETING_VERSION = 1.0;
				PRODUCT_BUNDLE_IDENTIFIER = com.robin.MomentTests;
				PRODUCT_NAME = "$(TARGET_NAME)";
				SWIFT_EMIT_LOC_STRINGS = NO;
				SWIFT_VERSION = 5.0;
				TARGETED_DEVICE_FAMILY = "1,2";
				TEST_HOST = "$(BUILT_PRODUCTS_DIR)/Moment.app/Moment";
			};
			name = Debug;
		};
		C1F48C7E28537E1F00CA8600 /* Release */ = {
			isa = XCBuildConfiguration;
			buildSettings = {
				ALWAYS_EMBED_SWIFT_STANDARD_LIBRARIES = YES;
				BUNDLE_LOADER = "$(TEST_HOST)";
				CODE_SIGN_STYLE = Automatic;
				CURRENT_PROJECT_VERSION = 1;
				DEVELOPMENT_TEAM = 68LU7Q7XD4;
				GENERATE_INFOPLIST_FILE = YES;
				IPHONEOS_DEPLOYMENT_TARGET = 15.5;
				MARKETING_VERSION = 1.0;
				PRODUCT_BUNDLE_IDENTIFIER = com.robin.MomentTests;
				PRODUCT_NAME = "$(TARGET_NAME)";
				SWIFT_EMIT_LOC_STRINGS = NO;
				SWIFT_VERSION = 5.0;
				TARGETED_DEVICE_FAMILY = "1,2";
				TEST_HOST = "$(BUILT_PRODUCTS_DIR)/Moment.app/Moment";
			};
			name = Release;
		};
		C1F48C8028537E1F00CA8600 /* Debug */ = {
			isa = XCBuildConfiguration;
			buildSettings = {
				ALWAYS_EMBED_SWIFT_STANDARD_LIBRARIES = YES;
				CODE_SIGN_STYLE = Automatic;
				CURRENT_PROJECT_VERSION = 1;
				DEVELOPMENT_TEAM = 68LU7Q7XD4;
				GENERATE_INFOPLIST_FILE = YES;
				MARKETING_VERSION = 1.0;
				PRODUCT_BUNDLE_IDENTIFIER = com.robin.MomentUITests;
				PRODUCT_NAME = "$(TARGET_NAME)";
				SWIFT_EMIT_LOC_STRINGS = NO;
				SWIFT_VERSION = 5.0;
				TARGETED_DEVICE_FAMILY = "1,2";
				TEST_TARGET_NAME = Moment;
			};
			name = Debug;
		};
		C1F48C8128537E1F00CA8600 /* Release */ = {
			isa = XCBuildConfiguration;
			buildSettings = {
				ALWAYS_EMBED_SWIFT_STANDARD_LIBRARIES = YES;
				CODE_SIGN_STYLE = Automatic;
				CURRENT_PROJECT_VERSION = 1;
				DEVELOPMENT_TEAM = 68LU7Q7XD4;
				GENERATE_INFOPLIST_FILE = YES;
				MARKETING_VERSION = 1.0;
				PRODUCT_BUNDLE_IDENTIFIER = com.robin.MomentUITests;
				PRODUCT_NAME = "$(TARGET_NAME)";
				SWIFT_EMIT_LOC_STRINGS = NO;
				SWIFT_VERSION = 5.0;
				TARGETED_DEVICE_FAMILY = "1,2";
				TEST_TARGET_NAME = Moment;
			};
			name = Release;
		};
/* End XCBuildConfiguration section */

/* Begin XCConfigurationList section */
		C1F48C4B28537E1E00CA8600 /* Build configuration list for PBXProject "Moment" */ = {
			isa = XCConfigurationList;
			buildConfigurations = (
				C1F48C7728537E1F00CA8600 /* Debug */,
				C1F48C7828537E1F00CA8600 /* Release */,
			);
			defaultConfigurationIsVisible = 0;
			defaultConfigurationName = Release;
		};
		C1F48C7928537E1F00CA8600 /* Build configuration list for PBXNativeTarget "Moment" */ = {
			isa = XCConfigurationList;
			buildConfigurations = (
				C1F48C7A28537E1F00CA8600 /* Debug */,
				C1F48C7B28537E1F00CA8600 /* Release */,
			);
			defaultConfigurationIsVisible = 0;
			defaultConfigurationName = Release;
		};
		C1F48C7C28537E1F00CA8600 /* Build configuration list for PBXNativeTarget "MomentTests" */ = {
			isa = XCConfigurationList;
			buildConfigurations = (
				C1F48C7D28537E1F00CA8600 /* Debug */,
				C1F48C7E28537E1F00CA8600 /* Release */,
			);
			defaultConfigurationIsVisible = 0;
			defaultConfigurationName = Release;
		};
		C1F48C7F28537E1F00CA8600 /* Build configuration list for PBXNativeTarget "MomentUITests" */ = {
			isa = XCConfigurationList;
			buildConfigurations = (
				C1F48C8028537E1F00CA8600 /* Debug */,
				C1F48C8128537E1F00CA8600 /* Release */,
			);
			defaultConfigurationIsVisible = 0;
			defaultConfigurationName = Release;
		};
/* End XCConfigurationList section */

/* Begin XCRemoteSwiftPackageReference section */
		96419B98285B1DDC00A25704 /* XCRemoteSwiftPackageReference "SwiftUIPager" */ = {
			isa = XCRemoteSwiftPackageReference;
			repositoryURL = "https://github.com/fermoya/SwiftUIPager";
			requirement = {
				kind = upToNextMajorVersion;
				minimumVersion = 2.0.0;
			};
		};
/* End XCRemoteSwiftPackageReference section */

/* Begin XCSwiftPackageProductDependency section */
		96419B99285B1DDC00A25704 /* SwiftUIPager */ = {
			isa = XCSwiftPackageProductDependency;
			package = 96419B98285B1DDC00A25704 /* XCRemoteSwiftPackageReference "SwiftUIPager" */;
			productName = SwiftUIPager;
		};
/* End XCSwiftPackageProductDependency section */

/* Begin XCVersionGroup section */
		96419B48285B1A7700A25704 /* Moment.xcdatamodeld */ = {
			isa = XCVersionGroup;
			children = (
				96419B49285B1A7700A25704 /* CoreDataModel.xcdatamodel */,
			);
			currentVersion = 96419B49285B1A7700A25704 /* CoreDataModel.xcdatamodel */;
			path = Moment.xcdatamodeld;
			sourceTree = "<group>";
			versionGroupType = wrapper.xcdatamodel;
		};
/* End XCVersionGroup section */
	};
	rootObject = C1F48C4828537E1E00CA8600 /* Project object */;
}
